
Microsoft Visual Studio Solution File, Format Version 12.00
# Visual Studio Version 17
VisualStudioVersion = 17.9.34728.123
MinimumVisualStudioVersion = 10.0.40219.1
Project("{FAE04EC0-301F-11D3-BF4B-00C04F79EFBC}") = "LearningFunctionApp", "LearningFunctionApp\LearningFunctionApp.csproj", "{B0D70541-B405-4F17-B492-D14A3077A623}"
EndProject
Global
	GlobalSection(SolutionConfigurationPlatforms) = preSolution
		Debug|Any CPU = Debug|Any CPU
		Release|Any CPU = Release|Any CPU
	EndGlobalSection
	GlobalSection(ProjectConfigurationPlatforms) = postSolution
		{B0D70541-B405-4F17-B492-D14A3077A623}.Debug|Any CPU.ActiveCfg = Debug|Any CPU
		{B0D70541-B405-4F17-B492-D14A3077A623}.Debug|Any CPU.Build.0 = Debug|Any CPU
		{B0D70541-B405-4F17-B492-D14A3077A623}.Release|Any CPU.ActiveCfg = Release|Any CPU
		{B0D70541-B405-4F17-B492-D14A3077A623}.Release|Any CPU.Build.0 = Release|Any CPU
	EndGlobalSection
	GlobalSection(SolutionProperties) = preSolution
		HideSolutionNode = FALSE
	EndGlobalSection
	GlobalSection(ExtensibilityGlobals) = postSolution
		SolutionGuid = {8D7A3E3C-5E9A-40AB-B554-8F3A9084E80B}
	EndGlobalSection
EndGlobal
